// !$*UTF8*$!
{
	archiveVersion = 1;
	classes = {
	};
	objectVersion = 56;
	objects = {

/* Begin PBXBuildFile section */
		2B56F2E12B59678A00494E50 /* ProfileImage.swift in Sources */ = {isa = PBXBuildFile; fileRef = 2B56F2E02B59678A00494E50 /* ProfileImage.swift */; };
		2B56F2E42B596A0700494E50 /* UIViewcontroller + Extension.swift in Sources */ = {isa = PBXBuildFile; fileRef = 2B56F2E32B596A0700494E50 /* UIViewcontroller + Extension.swift */; };
		2B56F2E62B596B6000494E50 /* Protocol.swift in Sources */ = {isa = PBXBuildFile; fileRef = 2B56F2E52B596B6000494E50 /* Protocol.swift */; };
		2B56F2E92B596D4100494E50 /* UIImageView + Extension.swift in Sources */ = {isa = PBXBuildFile; fileRef = 2B56F2E82B596D4100494E50 /* UIImageView + Extension.swift */; };
		2B56F2EB2B596FDA00494E50 /* Color.swift in Sources */ = {isa = PBXBuildFile; fileRef = 2B56F2EA2B596FDA00494E50 /* Color.swift */; };
		2B56F2ED2B5975A800494E50 /* UIButton + Extension.swift in Sources */ = {isa = PBXBuildFile; fileRef = 2B56F2EC2B5975A800494E50 /* UIButton + Extension.swift */; };
		2B56F2F02B597A4C00494E50 /* ProfileSettingViewController.swift in Sources */ = {isa = PBXBuildFile; fileRef = 2B56F2EF2B597A4C00494E50 /* ProfileSettingViewController.swift */; };
		2B56F2F22B597A5400494E50 /* ProfileSetting.storyboard in Resources */ = {isa = PBXBuildFile; fileRef = 2B56F2F12B597A5400494E50 /* ProfileSetting.storyboard */; };
		2B56F2F72B59951200494E50 /* ProfileSettingCollectionViewCell.swift in Sources */ = {isa = PBXBuildFile; fileRef = 2B56F2F52B59951200494E50 /* ProfileSettingCollectionViewCell.swift */; };
		2B56F2F82B59951200494E50 /* ProfileSettingCollectionViewCell.xib in Resources */ = {isa = PBXBuildFile; fileRef = 2B56F2F62B59951200494E50 /* ProfileSettingCollectionViewCell.xib */; };
		2BB13E142B5AEF7100DCCB3D /* MainSearchViewController.swift in Sources */ = {isa = PBXBuildFile; fileRef = 2BB13E132B5AEF7100DCCB3D /* MainSearchViewController.swift */; };
		2BB13E172B5AEF9100DCCB3D /* MainSearchTableViewCell.swift in Sources */ = {isa = PBXBuildFile; fileRef = 2BB13E152B5AEF9100DCCB3D /* MainSearchTableViewCell.swift */; };
		2BB13E182B5AEF9100DCCB3D /* MainSearchTableViewCell.xib in Resources */ = {isa = PBXBuildFile; fileRef = 2BB13E162B5AEF9100DCCB3D /* MainSearchTableViewCell.xib */; };
		2BB13E1B2B5B7DBE00DCCB3D /* Reuseable.swift in Sources */ = {isa = PBXBuildFile; fileRef = 2BB13E1A2B5B7DBE00DCCB3D /* Reuseable.swift */; };
		2BB415252B5C5F0200C5A1D4 /* SearchDetail.storyboard in Resources */ = {isa = PBXBuildFile; fileRef = 2BB415242B5C5F0200C5A1D4 /* SearchDetail.storyboard */; };
		2BB415282B5C5F1900C5A1D4 /* SearchDetailViewController.swift in Sources */ = {isa = PBXBuildFile; fileRef = 2BB415272B5C5F1900C5A1D4 /* SearchDetailViewController.swift */; };
		2BB4152D2B5CE2B000C5A1D4 /* SettingViewController.swift in Sources */ = {isa = PBXBuildFile; fileRef = 2BB4152C2B5CE2B000C5A1D4 /* SettingViewController.swift */; };
		2BB415302B5CE2F500C5A1D4 /* SettingTableViewCell.swift in Sources */ = {isa = PBXBuildFile; fileRef = 2BB4152E2B5CE2F500C5A1D4 /* SettingTableViewCell.swift */; };
		2BB415312B5CE2F500C5A1D4 /* SettingTableViewCell.xib in Resources */ = {isa = PBXBuildFile; fileRef = 2BB4152F2B5CE2F500C5A1D4 /* SettingTableViewCell.xib */; };
		2BB415342B5D376D00C5A1D4 /* SettingProfileTableViewCell.swift in Sources */ = {isa = PBXBuildFile; fileRef = 2BB415322B5D376D00C5A1D4 /* SettingProfileTableViewCell.swift */; };
		2BB415352B5D376D00C5A1D4 /* SettingProfileTableViewCell.xib in Resources */ = {isa = PBXBuildFile; fileRef = 2BB415332B5D376D00C5A1D4 /* SettingProfileTableViewCell.xib */; };
		2BCE4F882B594D08001AAE55 /* Onboarding.storyboard in Resources */ = {isa = PBXBuildFile; fileRef = 2BCE4F872B594D08001AAE55 /* Onboarding.storyboard */; };
		2BCE4F8C2B594D3B001AAE55 /* OnboradingViewController.swift in Sources */ = {isa = PBXBuildFile; fileRef = 2BCE4F8B2B594D3B001AAE55 /* OnboradingViewController.swift */; };
		2BCE4F8E2B595424001AAE55 /* ProfileViewController.swift in Sources */ = {isa = PBXBuildFile; fileRef = 2BCE4F8D2B595424001AAE55 /* ProfileViewController.swift */; };
		2BCE4F902B59542F001AAE55 /* Profile.storyboard in Resources */ = {isa = PBXBuildFile; fileRef = 2BCE4F8F2B59542F001AAE55 /* Profile.storyboard */; };
		2BCE4F942B595595001AAE55 /* Kingfisher in Frameworks */ = {isa = PBXBuildFile; productRef = 2BCE4F932B595595001AAE55 /* Kingfisher */; };
		2BCE4F972B5955A7001AAE55 /* Alamofire in Frameworks */ = {isa = PBXBuildFile; productRef = 2BCE4F962B5955A7001AAE55 /* Alamofire */; };
		2BCE4F9A2B5955B7001AAE55 /* TextFieldEffects in Frameworks */ = {isa = PBXBuildFile; productRef = 2BCE4F992B5955B7001AAE55 /* TextFieldEffects */; };
		2BCE4F9C2B5955CC001AAE55 /* UserDefaultManager.swift in Sources */ = {isa = PBXBuildFile; fileRef = 2BCE4F9B2B5955CC001AAE55 /* UserDefaultManager.swift */; };
		2BD5C66B2B5BEAD300B218F9 /* SearchResultViewController.swift in Sources */ = {isa = PBXBuildFile; fileRef = 2BD5C66A2B5BEAD300B218F9 /* SearchResultViewController.swift */; };
		2BD5C66F2B5BF9E400B218F9 /* ShoppingAPIManager.swift in Sources */ = {isa = PBXBuildFile; fileRef = 2BD5C66E2B5BF9E400B218F9 /* ShoppingAPIManager.swift */; };
		2BD5C6712B5C243400B218F9 /* Shopping.swift in Sources */ = {isa = PBXBuildFile; fileRef = 2BD5C6702B5C243400B218F9 /* Shopping.swift */; };
		2BD5C6742B5C2AF400B218F9 /* SearchResultCollectionViewCell.swift in Sources */ = {isa = PBXBuildFile; fileRef = 2BD5C6722B5C2AF400B218F9 /* SearchResultCollectionViewCell.swift */; };
		2BD5C6752B5C2AF400B218F9 /* SearchResultCollectionViewCell.xib in Resources */ = {isa = PBXBuildFile; fileRef = 2BD5C6732B5C2AF400B218F9 /* SearchResultCollectionViewCell.xib */; };
		2BD5C6792B5C3A0A00B218F9 /* SearchResult.storyboard in Resources */ = {isa = PBXBuildFile; fileRef = 2BD5C6782B5C3A0A00B218F9 /* SearchResult.storyboard */; };
		2BF36CA32B5942ED007BE3A7 /* AppDelegate.swift in Sources */ = {isa = PBXBuildFile; fileRef = 2BF36CA22B5942ED007BE3A7 /* AppDelegate.swift */; };
		2BF36CA52B5942ED007BE3A7 /* SceneDelegate.swift in Sources */ = {isa = PBXBuildFile; fileRef = 2BF36CA42B5942ED007BE3A7 /* SceneDelegate.swift */; };
		2BF36CA72B5942ED007BE3A7 /* MainController.swift in Sources */ = {isa = PBXBuildFile; fileRef = 2BF36CA62B5942ED007BE3A7 /* MainController.swift */; };
		2BF36CAA2B5942ED007BE3A7 /* Main.storyboard in Resources */ = {isa = PBXBuildFile; fileRef = 2BF36CA82B5942ED007BE3A7 /* Main.storyboard */; };
		2BF36CAC2B5942F1007BE3A7 /* Assets.xcassets in Resources */ = {isa = PBXBuildFile; fileRef = 2BF36CAB2B5942F1007BE3A7 /* Assets.xcassets */; };
		2BF36CAF2B5942F1007BE3A7 /* LaunchScreen.storyboard in Resources */ = {isa = PBXBuildFile; fileRef = 2BF36CAD2B5942F1007BE3A7 /* LaunchScreen.storyboard */; };
		2BF36CB72B594BA5007BE3A7 /* .gitignore in Resources */ = {isa = PBXBuildFile; fileRef = 2BF36CB62B594BA5007BE3A7 /* .gitignore */; };
		2BF36CB92B594BE9007BE3A7 /* APIKey.swift in Sources */ = {isa = PBXBuildFile; fileRef = 2BF36CB82B594BE9007BE3A7 /* APIKey.swift */; };
/* End PBXBuildFile section */

/* Begin PBXFileReference section */
		2B56F2E02B59678A00494E50 /* ProfileImage.swift */ = {isa = PBXFileReference; lastKnownFileType = sourcecode.swift; path = ProfileImage.swift; sourceTree = "<group>"; };
		2B56F2E32B596A0700494E50 /* UIViewcontroller + Extension.swift */ = {isa = PBXFileReference; lastKnownFileType = sourcecode.swift; path = "UIViewcontroller + Extension.swift"; sourceTree = "<group>"; };
		2B56F2E52B596B6000494E50 /* Protocol.swift */ = {isa = PBXFileReference; lastKnownFileType = sourcecode.swift; path = Protocol.swift; sourceTree = "<group>"; };
		2B56F2E82B596D4100494E50 /* UIImageView + Extension.swift */ = {isa = PBXFileReference; lastKnownFileType = sourcecode.swift; path = "UIImageView + Extension.swift"; sourceTree = "<group>"; };
		2B56F2EA2B596FDA00494E50 /* Color.swift */ = {isa = PBXFileReference; lastKnownFileType = sourcecode.swift; path = Color.swift; sourceTree = "<group>"; };
		2B56F2EC2B5975A800494E50 /* UIButton + Extension.swift */ = {isa = PBXFileReference; lastKnownFileType = sourcecode.swift; path = "UIButton + Extension.swift"; sourceTree = "<group>"; };
		2B56F2EF2B597A4C00494E50 /* ProfileSettingViewController.swift */ = {isa = PBXFileReference; lastKnownFileType = sourcecode.swift; path = ProfileSettingViewController.swift; sourceTree = "<group>"; };
		2B56F2F12B597A5400494E50 /* ProfileSetting.storyboard */ = {isa = PBXFileReference; lastKnownFileType = file.storyboard; path = ProfileSetting.storyboard; sourceTree = "<group>"; };
		2B56F2F52B59951200494E50 /* ProfileSettingCollectionViewCell.swift */ = {isa = PBXFileReference; lastKnownFileType = sourcecode.swift; path = ProfileSettingCollectionViewCell.swift; sourceTree = "<group>"; };
		2B56F2F62B59951200494E50 /* ProfileSettingCollectionViewCell.xib */ = {isa = PBXFileReference; lastKnownFileType = file.xib; path = ProfileSettingCollectionViewCell.xib; sourceTree = "<group>"; };
		2BB13E132B5AEF7100DCCB3D /* MainSearchViewController.swift */ = {isa = PBXFileReference; lastKnownFileType = sourcecode.swift; path = MainSearchViewController.swift; sourceTree = "<group>"; };
		2BB13E152B5AEF9100DCCB3D /* MainSearchTableViewCell.swift */ = {isa = PBXFileReference; lastKnownFileType = sourcecode.swift; path = MainSearchTableViewCell.swift; sourceTree = "<group>"; };
		2BB13E162B5AEF9100DCCB3D /* MainSearchTableViewCell.xib */ = {isa = PBXFileReference; lastKnownFileType = file.xib; path = MainSearchTableViewCell.xib; sourceTree = "<group>"; };
		2BB13E1A2B5B7DBE00DCCB3D /* Reuseable.swift */ = {isa = PBXFileReference; lastKnownFileType = sourcecode.swift; path = Reuseable.swift; sourceTree = "<group>"; };
		2BB415242B5C5F0200C5A1D4 /* SearchDetail.storyboard */ = {isa = PBXFileReference; lastKnownFileType = file.storyboard; path = SearchDetail.storyboard; sourceTree = "<group>"; };
		2BB415272B5C5F1900C5A1D4 /* SearchDetailViewController.swift */ = {isa = PBXFileReference; lastKnownFileType = sourcecode.swift; path = SearchDetailViewController.swift; sourceTree = "<group>"; };
		2BB4152C2B5CE2B000C5A1D4 /* SettingViewController.swift */ = {isa = PBXFileReference; lastKnownFileType = sourcecode.swift; path = SettingViewController.swift; sourceTree = "<group>"; };
		2BB4152E2B5CE2F500C5A1D4 /* SettingTableViewCell.swift */ = {isa = PBXFileReference; lastKnownFileType = sourcecode.swift; path = SettingTableViewCell.swift; sourceTree = "<group>"; };
		2BB4152F2B5CE2F500C5A1D4 /* SettingTableViewCell.xib */ = {isa = PBXFileReference; lastKnownFileType = file.xib; path = SettingTableViewCell.xib; sourceTree = "<group>"; };
		2BB415322B5D376D00C5A1D4 /* SettingProfileTableViewCell.swift */ = {isa = PBXFileReference; lastKnownFileType = sourcecode.swift; path = SettingProfileTableViewCell.swift; sourceTree = "<group>"; };
		2BB415332B5D376D00C5A1D4 /* SettingProfileTableViewCell.xib */ = {isa = PBXFileReference; lastKnownFileType = file.xib; path = SettingProfileTableViewCell.xib; sourceTree = "<group>"; };
		2BCE4F872B594D08001AAE55 /* Onboarding.storyboard */ = {isa = PBXFileReference; lastKnownFileType = file.storyboard; path = Onboarding.storyboard; sourceTree = "<group>"; };
		2BCE4F8B2B594D3B001AAE55 /* OnboradingViewController.swift */ = {isa = PBXFileReference; lastKnownFileType = sourcecode.swift; path = OnboradingViewController.swift; sourceTree = "<group>"; };
		2BCE4F8D2B595424001AAE55 /* ProfileViewController.swift */ = {isa = PBXFileReference; lastKnownFileType = sourcecode.swift; path = ProfileViewController.swift; sourceTree = "<group>"; };
		2BCE4F8F2B59542F001AAE55 /* Profile.storyboard */ = {isa = PBXFileReference; lastKnownFileType = file.storyboard; path = Profile.storyboard; sourceTree = "<group>"; };
		2BCE4F9B2B5955CC001AAE55 /* UserDefaultManager.swift */ = {isa = PBXFileReference; lastKnownFileType = sourcecode.swift; path = UserDefaultManager.swift; sourceTree = "<group>"; };
		2BD5C66A2B5BEAD300B218F9 /* SearchResultViewController.swift */ = {isa = PBXFileReference; lastKnownFileType = sourcecode.swift; path = SearchResultViewController.swift; sourceTree = "<group>"; };
		2BD5C66E2B5BF9E400B218F9 /* ShoppingAPIManager.swift */ = {isa = PBXFileReference; lastKnownFileType = sourcecode.swift; path = ShoppingAPIManager.swift; sourceTree = "<group>"; };
		2BD5C6702B5C243400B218F9 /* Shopping.swift */ = {isa = PBXFileReference; lastKnownFileType = sourcecode.swift; path = Shopping.swift; sourceTree = "<group>"; };
		2BD5C6722B5C2AF400B218F9 /* SearchResultCollectionViewCell.swift */ = {isa = PBXFileReference; lastKnownFileType = sourcecode.swift; path = SearchResultCollectionViewCell.swift; sourceTree = "<group>"; };
		2BD5C6732B5C2AF400B218F9 /* SearchResultCollectionViewCell.xib */ = {isa = PBXFileReference; lastKnownFileType = file.xib; path = SearchResultCollectionViewCell.xib; sourceTree = "<group>"; };
		2BD5C6782B5C3A0A00B218F9 /* SearchResult.storyboard */ = {isa = PBXFileReference; lastKnownFileType = file.storyboard; path = SearchResult.storyboard; sourceTree = "<group>"; };
		2BF36C9F2B5942ED007BE3A7 /* SeSACRecapAssginment.app */ = {isa = PBXFileReference; explicitFileType = wrapper.application; includeInIndex = 0; path = SeSACRecapAssginment.app; sourceTree = BUILT_PRODUCTS_DIR; };
		2BF36CA22B5942ED007BE3A7 /* AppDelegate.swift */ = {isa = PBXFileReference; lastKnownFileType = sourcecode.swift; path = AppDelegate.swift; sourceTree = "<group>"; };
		2BF36CA42B5942ED007BE3A7 /* SceneDelegate.swift */ = {isa = PBXFileReference; lastKnownFileType = sourcecode.swift; path = SceneDelegate.swift; sourceTree = "<group>"; };
		2BF36CA62B5942ED007BE3A7 /* MainController.swift */ = {isa = PBXFileReference; lastKnownFileType = sourcecode.swift; path = MainController.swift; sourceTree = "<group>"; };
		2BF36CA92B5942ED007BE3A7 /* Base */ = {isa = PBXFileReference; lastKnownFileType = file.storyboard; name = Base; path = Base.lproj/Main.storyboard; sourceTree = "<group>"; };
		2BF36CAB2B5942F1007BE3A7 /* Assets.xcassets */ = {isa = PBXFileReference; lastKnownFileType = folder.assetcatalog; path = Assets.xcassets; sourceTree = "<group>"; };
		2BF36CAE2B5942F1007BE3A7 /* Base */ = {isa = PBXFileReference; lastKnownFileType = file.storyboard; name = Base; path = Base.lproj/LaunchScreen.storyboard; sourceTree = "<group>"; };
		2BF36CB02B5942F1007BE3A7 /* Info.plist */ = {isa = PBXFileReference; lastKnownFileType = text.plist.xml; path = Info.plist; sourceTree = "<group>"; };
		2BF36CB62B594BA5007BE3A7 /* .gitignore */ = {isa = PBXFileReference; lastKnownFileType = text; path = .gitignore; sourceTree = "<group>"; };
		2BF36CB82B594BE9007BE3A7 /* APIKey.swift */ = {isa = PBXFileReference; lastKnownFileType = sourcecode.swift; path = APIKey.swift; sourceTree = "<group>"; };
/* End PBXFileReference section */

/* Begin PBXFrameworksBuildPhase section */
		2BF36C9C2B5942ED007BE3A7 /* Frameworks */ = {
			isa = PBXFrameworksBuildPhase;
			buildActionMask = 2147483647;
			files = (
				2BCE4F9A2B5955B7001AAE55 /* TextFieldEffects in Frameworks */,
				2BCE4F942B595595001AAE55 /* Kingfisher in Frameworks */,
				2BCE4F972B5955A7001AAE55 /* Alamofire in Frameworks */,
			);
			runOnlyForDeploymentPostprocessing = 0;
		};
/* End PBXFrameworksBuildPhase section */

/* Begin PBXGroup section */
		2B56F2DF2B59677F00494E50 /* Model */ = {
			isa = PBXGroup;
			children = (
				2B56F2E02B59678A00494E50 /* ProfileImage.swift */,
				2B56F2EA2B596FDA00494E50 /* Color.swift */,
				2BD5C6702B5C243400B218F9 /* Shopping.swift */,
			);
			path = Model;
			sourceTree = "<group>";
		};
		2B56F2E22B5969EF00494E50 /* Extension */ = {
			isa = PBXGroup;
			children = (
				2B56F2E32B596A0700494E50 /* UIViewcontroller + Extension.swift */,
				2B56F2E82B596D4100494E50 /* UIImageView + Extension.swift */,
				2B56F2EC2B5975A800494E50 /* UIButton + Extension.swift */,
				2BB13E1A2B5B7DBE00DCCB3D /* Reuseable.swift */,
			);
			path = Extension;
			sourceTree = "<group>";
		};
		2B56F2E72B596B7D00494E50 /* Protocol */ = {
			isa = PBXGroup;
			children = (
				2B56F2E52B596B6000494E50 /* Protocol.swift */,
			);
			path = Protocol;
			sourceTree = "<group>";
		};
		2B56F2EE2B597A3800494E50 /* ProfileSetting */ = {
			isa = PBXGroup;
			children = (
				2B56F2EF2B597A4C00494E50 /* ProfileSettingViewController.swift */,
				2B56F2F12B597A5400494E50 /* ProfileSetting.storyboard */,
				2B56F2F52B59951200494E50 /* ProfileSettingCollectionViewCell.swift */,
				2B56F2F62B59951200494E50 /* ProfileSettingCollectionViewCell.xib */,
			);
			path = ProfileSetting;
			sourceTree = "<group>";
		};
		2BB13E122B5A91C000DCCB3D /* Main */ = {
			isa = PBXGroup;
			children = (
				2BB415292B5CE28F00C5A1D4 /* Setting */,
				2BB415262B5C5F0B00C5A1D4 /* SearchDetail */,
				2BB13E1C2B5BE69700DCCB3D /* SearchResult */,
				2BB13E192B5AEF9700DCCB3D /* MainSearch */,
				2BF36CA82B5942ED007BE3A7 /* Main.storyboard */,
				2BF36CA62B5942ED007BE3A7 /* MainController.swift */,
			);
			path = Main;
			sourceTree = "<group>";
		};
		2BB13E192B5AEF9700DCCB3D /* MainSearch */ = {
			isa = PBXGroup;
			children = (
				2BB13E132B5AEF7100DCCB3D /* MainSearchViewController.swift */,
				2BB13E152B5AEF9100DCCB3D /* MainSearchTableViewCell.swift */,
				2BB13E162B5AEF9100DCCB3D /* MainSearchTableViewCell.xib */,
			);
			path = MainSearch;
			sourceTree = "<group>";
		};
		2BB13E1C2B5BE69700DCCB3D /* SearchResult */ = {
			isa = PBXGroup;
			children = (
				2BD5C66A2B5BEAD300B218F9 /* SearchResultViewController.swift */,
				2BD5C6722B5C2AF400B218F9 /* SearchResultCollectionViewCell.swift */,
				2BD5C6732B5C2AF400B218F9 /* SearchResultCollectionViewCell.xib */,
				2BD5C6782B5C3A0A00B218F9 /* SearchResult.storyboard */,
			);
			path = SearchResult;
			sourceTree = "<group>";
		};
		2BB415262B5C5F0B00C5A1D4 /* SearchDetail */ = {
			isa = PBXGroup;
			children = (
				2BB415242B5C5F0200C5A1D4 /* SearchDetail.storyboard */,
				2BB415272B5C5F1900C5A1D4 /* SearchDetailViewController.swift */,
			);
			path = SearchDetail;
			sourceTree = "<group>";
		};
		2BB415292B5CE28F00C5A1D4 /* Setting */ = {
			isa = PBXGroup;
			children = (
				2BB4152C2B5CE2B000C5A1D4 /* SettingViewController.swift */,
				2BB4152E2B5CE2F500C5A1D4 /* SettingTableViewCell.swift */,
				2BB4152F2B5CE2F500C5A1D4 /* SettingTableViewCell.xib */,
				2BB415322B5D376D00C5A1D4 /* SettingProfileTableViewCell.swift */,
				2BB415332B5D376D00C5A1D4 /* SettingProfileTableViewCell.xib */,
			);
			path = Setting;
			sourceTree = "<group>";
		};
		2BCE4F862B594CD0001AAE55 /* Onborading */ = {
			isa = PBXGroup;
			children = (
				2BCE4F872B594D08001AAE55 /* Onboarding.storyboard */,
				2BCE4F8B2B594D3B001AAE55 /* OnboradingViewController.swift */,
			);
			path = Onborading;
			sourceTree = "<group>";
		};
		2BCE4F912B595438001AAE55 /* Profile */ = {
			isa = PBXGroup;
			children = (
				2B56F2EE2B597A3800494E50 /* ProfileSetting */,
				2BCE4F8F2B59542F001AAE55 /* Profile.storyboard */,
				2BCE4F8D2B595424001AAE55 /* ProfileViewController.swift */,
			);
			path = Profile;
			sourceTree = "<group>";
		};
		2BF36C962B5942ED007BE3A7 = {
			isa = PBXGroup;
			children = (
				2BF36CB62B594BA5007BE3A7 /* .gitignore */,
				2BF36CA12B5942ED007BE3A7 /* SeSACRecapAssginment */,
				2BF36CA02B5942ED007BE3A7 /* Products */,
			);
			sourceTree = "<group>";
		};
		2BF36CA02B5942ED007BE3A7 /* Products */ = {
			isa = PBXGroup;
			children = (
				2BF36C9F2B5942ED007BE3A7 /* SeSACRecapAssginment.app */,
			);
			name = Products;
			sourceTree = "<group>";
		};
		2BF36CA12B5942ED007BE3A7 /* SeSACRecapAssginment */ = {
			isa = PBXGroup;
			children = (
				2BCE4F9B2B5955CC001AAE55 /* UserDefaultManager.swift */,
				2BD5C66E2B5BF9E400B218F9 /* ShoppingAPIManager.swift */,
				2BF36CB82B594BE9007BE3A7 /* APIKey.swift */,
				2B56F2DF2B59677F00494E50 /* Model */,
				2B56F2E72B596B7D00494E50 /* Protocol */,
				2B56F2E22B5969EF00494E50 /* Extension */,
				2BCE4F862B594CD0001AAE55 /* Onborading */,
				2BCE4F912B595438001AAE55 /* Profile */,
				2BB13E122B5A91C000DCCB3D /* Main */,
				2BF36CA22B5942ED007BE3A7 /* AppDelegate.swift */,
				2BF36CA42B5942ED007BE3A7 /* SceneDelegate.swift */,
				2BF36CAD2B5942F1007BE3A7 /* LaunchScreen.storyboard */,
				2BF36CB02B5942F1007BE3A7 /* Info.plist */,
				2BF36CAB2B5942F1007BE3A7 /* Assets.xcassets */,
			);
			path = SeSACRecapAssginment;
			sourceTree = "<group>";
		};
/* End PBXGroup section */

/* Begin PBXNativeTarget section */
		2BF36C9E2B5942ED007BE3A7 /* SeSACRecapAssginment */ = {
			isa = PBXNativeTarget;
			buildConfigurationList = 2BF36CB32B5942F1007BE3A7 /* Build configuration list for PBXNativeTarget "SeSACRecapAssginment" */;
			buildPhases = (
				2BF36C9B2B5942ED007BE3A7 /* Sources */,
				2BF36C9C2B5942ED007BE3A7 /* Frameworks */,
				2BF36C9D2B5942ED007BE3A7 /* Resources */,
			);
			buildRules = (
			);
			dependencies = (
			);
			name = SeSACRecapAssginment;
			packageProductDependencies = (
				2BCE4F932B595595001AAE55 /* Kingfisher */,
				2BCE4F962B5955A7001AAE55 /* Alamofire */,
				2BCE4F992B5955B7001AAE55 /* TextFieldEffects */,
			);
			productName = SeSACRecapAssginment;
			productReference = 2BF36C9F2B5942ED007BE3A7 /* SeSACRecapAssginment.app */;
			productType = "com.apple.product-type.application";
		};
/* End PBXNativeTarget section */

/* Begin PBXProject section */
		2BF36C972B5942ED007BE3A7 /* Project object */ = {
			isa = PBXProject;
			attributes = {
				BuildIndependentTargetsInParallel = 1;
				LastSwiftUpdateCheck = 1510;
				LastUpgradeCheck = 1510;
				TargetAttributes = {
					2BF36C9E2B5942ED007BE3A7 = {
						CreatedOnToolsVersion = 15.1;
					};
				};
			};
			buildConfigurationList = 2BF36C9A2B5942ED007BE3A7 /* Build configuration list for PBXProject "SeSACRecapAssginment" */;
			compatibilityVersion = "Xcode 14.0";
			developmentRegion = en;
			hasScannedForEncodings = 0;
			knownRegions = (
				en,
				Base,
			);
			mainGroup = 2BF36C962B5942ED007BE3A7;
			packageReferences = (
				2BCE4F922B595595001AAE55 /* XCRemoteSwiftPackageReference "Kingfisher" */,
				2BCE4F952B5955A7001AAE55 /* XCRemoteSwiftPackageReference "Alamofire" */,
				2BCE4F982B5955B7001AAE55 /* XCRemoteSwiftPackageReference "TextFieldEffects" */,
			);
			productRefGroup = 2BF36CA02B5942ED007BE3A7 /* Products */;
			projectDirPath = "";
			projectRoot = "";
			targets = (
				2BF36C9E2B5942ED007BE3A7 /* SeSACRecapAssginment */,
			);
		};
/* End PBXProject section */

/* Begin PBXResourcesBuildPhase section */
		2BF36C9D2B5942ED007BE3A7 /* Resources */ = {
			isa = PBXResourcesBuildPhase;
			buildActionMask = 2147483647;
			files = (
				2BCE4F902B59542F001AAE55 /* Profile.storyboard in Resources */,
				2BF36CB72B594BA5007BE3A7 /* .gitignore in Resources */,
				2BCE4F882B594D08001AAE55 /* Onboarding.storyboard in Resources */,
				2BD5C6752B5C2AF400B218F9 /* SearchResultCollectionViewCell.xib in Resources */,
				2BF36CAF2B5942F1007BE3A7 /* LaunchScreen.storyboard in Resources */,
				2BB13E182B5AEF9100DCCB3D /* MainSearchTableViewCell.xib in Resources */,
				2BD5C6792B5C3A0A00B218F9 /* SearchResult.storyboard in Resources */,
				2BB415252B5C5F0200C5A1D4 /* SearchDetail.storyboard in Resources */,
				2BB415352B5D376D00C5A1D4 /* SettingProfileTableViewCell.xib in Resources */,
				2BF36CAC2B5942F1007BE3A7 /* Assets.xcassets in Resources */,
				2BF36CAA2B5942ED007BE3A7 /* Main.storyboard in Resources */,
				2B56F2F82B59951200494E50 /* ProfileSettingCollectionViewCell.xib in Resources */,
				2B56F2F22B597A5400494E50 /* ProfileSetting.storyboard in Resources */,
				2BB415312B5CE2F500C5A1D4 /* SettingTableViewCell.xib in Resources */,
			);
			runOnlyForDeploymentPostprocessing = 0;
		};
/* End PBXResourcesBuildPhase section */

/* Begin PBXSourcesBuildPhase section */
		2BF36C9B2B5942ED007BE3A7 /* Sources */ = {
			isa = PBXSourcesBuildPhase;
			buildActionMask = 2147483647;
			files = (
				2BB415342B5D376D00C5A1D4 /* SettingProfileTableViewCell.swift in Sources */,
				2BCE4F8E2B595424001AAE55 /* ProfileViewController.swift in Sources */,
				2BB415302B5CE2F500C5A1D4 /* SettingTableViewCell.swift in Sources */,
				2B56F2ED2B5975A800494E50 /* UIButton + Extension.swift in Sources */,
				2B56F2E42B596A0700494E50 /* UIViewcontroller + Extension.swift in Sources */,
				2B56F2E92B596D4100494E50 /* UIImageView + Extension.swift in Sources */,
				2B56F2E12B59678A00494E50 /* ProfileImage.swift in Sources */,
				2BF36CA72B5942ED007BE3A7 /* MainController.swift in Sources */,
				2B56F2EB2B596FDA00494E50 /* Color.swift in Sources */,
				2BD5C6712B5C243400B218F9 /* Shopping.swift in Sources */,
				2BF36CA32B5942ED007BE3A7 /* AppDelegate.swift in Sources */,
				2BD5C66F2B5BF9E400B218F9 /* ShoppingAPIManager.swift in Sources */,
				2BD5C66B2B5BEAD300B218F9 /* SearchResultViewController.swift in Sources */,
				2BB4152D2B5CE2B000C5A1D4 /* SettingViewController.swift in Sources */,
				2BF36CB92B594BE9007BE3A7 /* APIKey.swift in Sources */,
				2B56F2F72B59951200494E50 /* ProfileSettingCollectionViewCell.swift in Sources */,
				2BD5C6742B5C2AF400B218F9 /* SearchResultCollectionViewCell.swift in Sources */,
				2BF36CA52B5942ED007BE3A7 /* SceneDelegate.swift in Sources */,
				2BB13E1B2B5B7DBE00DCCB3D /* Reuseable.swift in Sources */,
				2BB13E172B5AEF9100DCCB3D /* MainSearchTableViewCell.swift in Sources */,
				2BCE4F8C2B594D3B001AAE55 /* OnboradingViewController.swift in Sources */,
				2B56F2E62B596B6000494E50 /* Protocol.swift in Sources */,
				2BB13E142B5AEF7100DCCB3D /* MainSearchViewController.swift in Sources */,
				2BB415282B5C5F1900C5A1D4 /* SearchDetailViewController.swift in Sources */,
				2BCE4F9C2B5955CC001AAE55 /* UserDefaultManager.swift in Sources */,
				2B56F2F02B597A4C00494E50 /* ProfileSettingViewController.swift in Sources */,
			);
			runOnlyForDeploymentPostprocessing = 0;
		};
/* End PBXSourcesBuildPhase section */

/* Begin PBXVariantGroup section */
		2BF36CA82B5942ED007BE3A7 /* Main.storyboard */ = {
			isa = PBXVariantGroup;
			children = (
				2BF36CA92B5942ED007BE3A7 /* Base */,
			);
			name = Main.storyboard;
			sourceTree = "<group>";
		};
		2BF36CAD2B5942F1007BE3A7 /* LaunchScreen.storyboard */ = {
			isa = PBXVariantGroup;
			children = (
				2BF36CAE2B5942F1007BE3A7 /* Base */,
			);
			name = LaunchScreen.storyboard;
			sourceTree = "<group>";
		};
/* End PBXVariantGroup section */

/* Begin XCBuildConfiguration section */
		2BF36CB12B5942F1007BE3A7 /* Debug */ = {
			isa = XCBuildConfiguration;
			buildSettings = {
				ALWAYS_SEARCH_USER_PATHS = NO;
				ASSETCATALOG_COMPILER_GENERATE_SWIFT_ASSET_SYMBOL_EXTENSIONS = YES;
				CLANG_ANALYZER_NONNULL = YES;
				CLANG_ANALYZER_NUMBER_OBJECT_CONVERSION = YES_AGGRESSIVE;
				CLANG_CXX_LANGUAGE_STANDARD = "gnu++20";
				CLANG_ENABLE_MODULES = YES;
				CLANG_ENABLE_OBJC_ARC = YES;
				CLANG_ENABLE_OBJC_WEAK = YES;
				CLANG_WARN_BLOCK_CAPTURE_AUTORELEASING = YES;
				CLANG_WARN_BOOL_CONVERSION = YES;
				CLANG_WARN_COMMA = YES;
				CLANG_WARN_CONSTANT_CONVERSION = YES;
				CLANG_WARN_DEPRECATED_OBJC_IMPLEMENTATIONS = YES;
				CLANG_WARN_DIRECT_OBJC_ISA_USAGE = YES_ERROR;
				CLANG_WARN_DOCUMENTATION_COMMENTS = YES;
				CLANG_WARN_EMPTY_BODY = YES;
				CLANG_WARN_ENUM_CONVERSION = YES;
				CLANG_WARN_INFINITE_RECURSION = YES;
				CLANG_WARN_INT_CONVERSION = YES;
				CLANG_WARN_NON_LITERAL_NULL_CONVERSION = YES;
				CLANG_WARN_OBJC_IMPLICIT_RETAIN_SELF = YES;
				CLANG_WARN_OBJC_LITERAL_CONVERSION = YES;
				CLANG_WARN_OBJC_ROOT_CLASS = YES_ERROR;
				CLANG_WARN_QUOTED_INCLUDE_IN_FRAMEWORK_HEADER = YES;
				CLANG_WARN_RANGE_LOOP_ANALYSIS = YES;
				CLANG_WARN_STRICT_PROTOTYPES = YES;
				CLANG_WARN_SUSPICIOUS_MOVE = YES;
				CLANG_WARN_UNGUARDED_AVAILABILITY = YES_AGGRESSIVE;
				CLANG_WARN_UNREACHABLE_CODE = YES;
				CLANG_WARN__DUPLICATE_METHOD_MATCH = YES;
				COPY_PHASE_STRIP = NO;
				DEBUG_INFORMATION_FORMAT = dwarf;
				ENABLE_STRICT_OBJC_MSGSEND = YES;
				ENABLE_TESTABILITY = YES;
				ENABLE_USER_SCRIPT_SANDBOXING = YES;
				GCC_C_LANGUAGE_STANDARD = gnu17;
				GCC_DYNAMIC_NO_PIC = NO;
				GCC_NO_COMMON_BLOCKS = YES;
				GCC_OPTIMIZATION_LEVEL = 0;
				GCC_PREPROCESSOR_DEFINITIONS = (
					"DEBUG=1",
					"$(inherited)",
				);
				GCC_WARN_64_TO_32_BIT_CONVERSION = YES;
				GCC_WARN_ABOUT_RETURN_TYPE = YES_ERROR;
				GCC_WARN_UNDECLARED_SELECTOR = YES;
				GCC_WARN_UNINITIALIZED_AUTOS = YES_AGGRESSIVE;
				GCC_WARN_UNUSED_FUNCTION = YES;
				GCC_WARN_UNUSED_VARIABLE = YES;
				IPHONEOS_DEPLOYMENT_TARGET = 17.2;
				LOCALIZATION_PREFERS_STRING_CATALOGS = YES;
				MTL_ENABLE_DEBUG_INFO = INCLUDE_SOURCE;
				MTL_FAST_MATH = YES;
				ONLY_ACTIVE_ARCH = YES;
				SDKROOT = iphoneos;
				SWIFT_ACTIVE_COMPILATION_CONDITIONS = "DEBUG $(inherited)";
				SWIFT_OPTIMIZATION_LEVEL = "-Onone";
			};
			name = Debug;
		};
		2BF36CB22B5942F1007BE3A7 /* Release */ = {
			isa = XCBuildConfiguration;
			buildSettings = {
				ALWAYS_SEARCH_USER_PATHS = NO;
				ASSETCATALOG_COMPILER_GENERATE_SWIFT_ASSET_SYMBOL_EXTENSIONS = YES;
				CLANG_ANALYZER_NONNULL = YES;
				CLANG_ANALYZER_NUMBER_OBJECT_CONVERSION = YES_AGGRESSIVE;
				CLANG_CXX_LANGUAGE_STANDARD = "gnu++20";
				CLANG_ENABLE_MODULES = YES;
				CLANG_ENABLE_OBJC_ARC = YES;
				CLANG_ENABLE_OBJC_WEAK = YES;
				CLANG_WARN_BLOCK_CAPTURE_AUTORELEASING = YES;
				CLANG_WARN_BOOL_CONVERSION = YES;
				CLANG_WARN_COMMA = YES;
				CLANG_WARN_CONSTANT_CONVERSION = YES;
				CLANG_WARN_DEPRECATED_OBJC_IMPLEMENTATIONS = YES;
				CLANG_WARN_DIRECT_OBJC_ISA_USAGE = YES_ERROR;
				CLANG_WARN_DOCUMENTATION_COMMENTS = YES;
				CLANG_WARN_EMPTY_BODY = YES;
				CLANG_WARN_ENUM_CONVERSION = YES;
				CLANG_WARN_INFINITE_RECURSION = YES;
				CLANG_WARN_INT_CONVERSION = YES;
				CLANG_WARN_NON_LITERAL_NULL_CONVERSION = YES;
				CLANG_WARN_OBJC_IMPLICIT_RETAIN_SELF = YES;
				CLANG_WARN_OBJC_LITERAL_CONVERSION = YES;
				CLANG_WARN_OBJC_ROOT_CLASS = YES_ERROR;
				CLANG_WARN_QUOTED_INCLUDE_IN_FRAMEWORK_HEADER = YES;
				CLANG_WARN_RANGE_LOOP_ANALYSIS = YES;
				CLANG_WARN_STRICT_PROTOTYPES = YES;
				CLANG_WARN_SUSPICIOUS_MOVE = YES;
				CLANG_WARN_UNGUARDED_AVAILABILITY = YES_AGGRESSIVE;
				CLANG_WARN_UNREACHABLE_CODE = YES;
				CLANG_WARN__DUPLICATE_METHOD_MATCH = YES;
				COPY_PHASE_STRIP = NO;
				DEBUG_INFORMATION_FORMAT = "dwarf-with-dsym";
				ENABLE_NS_ASSERTIONS = NO;
				ENABLE_STRICT_OBJC_MSGSEND = YES;
				ENABLE_USER_SCRIPT_SANDBOXING = YES;
				GCC_C_LANGUAGE_STANDARD = gnu17;
				GCC_NO_COMMON_BLOCKS = YES;
				GCC_WARN_64_TO_32_BIT_CONVERSION = YES;
				GCC_WARN_ABOUT_RETURN_TYPE = YES_ERROR;
				GCC_WARN_UNDECLARED_SELECTOR = YES;
				GCC_WARN_UNINITIALIZED_AUTOS = YES_AGGRESSIVE;
				GCC_WARN_UNUSED_FUNCTION = YES;
				GCC_WARN_UNUSED_VARIABLE = YES;
				IPHONEOS_DEPLOYMENT_TARGET = 17.2;
				LOCALIZATION_PREFERS_STRING_CATALOGS = YES;
				MTL_ENABLE_DEBUG_INFO = NO;
				MTL_FAST_MATH = YES;
				SDKROOT = iphoneos;
				SWIFT_COMPILATION_MODE = wholemodule;
				VALIDATE_PRODUCT = YES;
			};
			name = Release;
		};
		2BF36CB42B5942F1007BE3A7 /* Debug */ = {
			isa = XCBuildConfiguration;
			buildSettings = {
				ASSETCATALOG_COMPILER_APPICON_NAME = AppIcon;
				ASSETCATALOG_COMPILER_GLOBAL_ACCENT_COLOR_NAME = AccentColor;
				CODE_SIGN_STYLE = Automatic;
				CURRENT_PROJECT_VERSION = 1;
				GENERATE_INFOPLIST_FILE = YES;
				INFOPLIST_FILE = SeSACRecapAssginment/Info.plist;
				INFOPLIST_KEY_CFBundleDisplayName = "최서경";
				INFOPLIST_KEY_UIApplicationSupportsIndirectInputEvents = YES;
				INFOPLIST_KEY_UILaunchStoryboardName = LaunchScreen;
				INFOPLIST_KEY_UIMainStoryboardFile = Main;
				INFOPLIST_KEY_UISupportedInterfaceOrientations = UIInterfaceOrientationPortrait;
				INFOPLIST_KEY_UISupportedInterfaceOrientations_iPad = "UIInterfaceOrientationLandscapeLeft UIInterfaceOrientationLandscapeRight UIInterfaceOrientationPortrait UIInterfaceOrientationPortraitUpsideDown";
				IPHONEOS_DEPLOYMENT_TARGET = 15.0;
				LD_RUNPATH_SEARCH_PATHS = (
					"$(inherited)",
					"@executable_path/Frameworks",
				);
				MARKETING_VERSION = 1.0;
				PRODUCT_BUNDLE_IDENTIFIER = com.seo.SeSACRecapAssginment;
				PRODUCT_NAME = "$(TARGET_NAME)";
				SWIFT_EMIT_LOC_STRINGS = YES;
				SWIFT_VERSION = 5.0;
				TARGETED_DEVICE_FAMILY = "1,2";
			};
			name = Debug;
		};
		2BF36CB52B5942F1007BE3A7 /* Release */ = {
			isa = XCBuildConfiguration;
			buildSettings = {
				ASSETCATALOG_COMPILER_APPICON_NAME = AppIcon;
				ASSETCATALOG_COMPILER_GLOBAL_ACCENT_COLOR_NAME = AccentColor;
				CODE_SIGN_STYLE = Automatic;
				CURRENT_PROJECT_VERSION = 1;
				GENERATE_INFOPLIST_FILE = YES;
				INFOPLIST_FILE = SeSACRecapAssginment/Info.plist;
				INFOPLIST_KEY_CFBundleDisplayName = "최서경";
				INFOPLIST_KEY_UIApplicationSupportsIndirectInputEvents = YES;
				INFOPLIST_KEY_UILaunchStoryboardName = LaunchScreen;
				INFOPLIST_KEY_UIMainStoryboardFile = Main;
				INFOPLIST_KEY_UISupportedInterfaceOrientations = UIInterfaceOrientationPortrait;
				INFOPLIST_KEY_UISupportedInterfaceOrientations_iPad = "UIInterfaceOrientationLandscapeLeft UIInterfaceOrientationLandscapeRight UIInterfaceOrientationPortrait UIInterfaceOrientationPortraitUpsideDown";
				IPHONEOS_DEPLOYMENT_TARGET = 15.0;
				LD_RUNPATH_SEARCH_PATHS = (
					"$(inherited)",
					"@executable_path/Frameworks",
				);
				MARKETING_VERSION = 1.0;
				PRODUCT_BUNDLE_IDENTIFIER = com.seo.SeSACRecapAssginment;
				PRODUCT_NAME = "$(TARGET_NAME)";
				SWIFT_EMIT_LOC_STRINGS = YES;
				SWIFT_VERSION = 5.0;
				TARGETED_DEVICE_FAMILY = "1,2";
			};
			name = Release;
		};
/* End XCBuildConfiguration section */

/* Begin XCConfigurationList section */
		2BF36C9A2B5942ED007BE3A7 /* Build configuration list for PBXProject "SeSACRecapAssginment" */ = {
			isa = XCConfigurationList;
			buildConfigurations = (
				2BF36CB12B5942F1007BE3A7 /* Debug */,
				2BF36CB22B5942F1007BE3A7 /* Release */,
			);
			defaultConfigurationIsVisible = 0;
			defaultConfigurationName = Release;
		};
		2BF36CB32B5942F1007BE3A7 /* Build configuration list for PBXNativeTarget "SeSACRecapAssginment" */ = {
			isa = XCConfigurationList;
			buildConfigurations = (
				2BF36CB42B5942F1007BE3A7 /* Debug */,
				2BF36CB52B5942F1007BE3A7 /* Release */,
			);
			defaultConfigurationIsVisible = 0;
			defaultConfigurationName = Release;
		};
/* End XCConfigurationList section */

/* Begin XCRemoteSwiftPackageReference section */
		2BCE4F922B595595001AAE55 /* XCRemoteSwiftPackageReference "Kingfisher" */ = {
			isa = XCRemoteSwiftPackageReference;
			repositoryURL = "https://github.com/onevcat/Kingfisher.git";
			requirement = {
				kind = upToNextMajorVersion;
				minimumVersion = 7.10.2;
			};
		};
		2BCE4F952B5955A7001AAE55 /* XCRemoteSwiftPackageReference "Alamofire" */ = {
			isa = XCRemoteSwiftPackageReference;
			repositoryURL = "https://github.com/Alamofire/Alamofire.git";
			requirement = {
				kind = upToNextMajorVersion;
				minimumVersion = 5.8.1;
			};
		};
		2BCE4F982B5955B7001AAE55 /* XCRemoteSwiftPackageReference "TextFieldEffects" */ = {
			isa = XCRemoteSwiftPackageReference;
			repositoryURL = "https://github.com/raulriera/TextFieldEffects.git";
			requirement = {
				kind = upToNextMajorVersion;
				minimumVersion = 1.7.0;
			};
		};
/* End XCRemoteSwiftPackageReference section */

/* Begin XCSwiftPackageProductDependency section */
		2BCE4F932B595595001AAE55 /* Kingfisher */ = {
			isa = XCSwiftPackageProductDependency;
			package = 2BCE4F922B595595001AAE55 /* XCRemoteSwiftPackageReference "Kingfisher" */;
			productName = Kingfisher;
		};
		2BCE4F962B5955A7001AAE55 /* Alamofire */ = {
			isa = XCSwiftPackageProductDependency;
			package = 2BCE4F952B5955A7001AAE55 /* XCRemoteSwiftPackageReference "Alamofire" */;
			productName = Alamofire;
		};
		2BCE4F992B5955B7001AAE55 /* TextFieldEffects */ = {
			isa = XCSwiftPackageProductDependency;
			package = 2BCE4F982B5955B7001AAE55 /* XCRemoteSwiftPackageReference "TextFieldEffects" */;
			productName = TextFieldEffects;
		};
/* End XCSwiftPackageProductDependency section */
	};
	rootObject = 2BF36C972B5942ED007BE3A7 /* Project object */;
}
